
Microsoft Visual Studio Solution File, Format Version 12.00
# Visual Studio Version 16
VisualStudioVersion = 16.0.31205.134
MinimumVisualStudioVersion = 10.0.40219.1
Project("{FAE04EC0-301F-11D3-BF4B-00C04F79EFBC}") = "Tests", "Tests.csproj", "{E341E9CE-7A8B-4E38-AB0E-0FBFB61FD1FC}"
EndProject
Global
	GlobalSection(SolutionConfigurationPlatforms) = preSolution
		Debug|Any CPU = Debug|Any CPU
		Release|Any CPU = Release|Any CPU
	EndGlobalSection
	GlobalSection(ProjectConfigurationPlatforms) = postSolution
		{E341E9CE-7A8B-4E38-AB0E-0FBFB61FD1FC}.Debug|Any CPU.ActiveCfg = Debug|Any CPU
		{E341E9CE-7A8B-4E38-AB0E-0FBFB61FD1FC}.Debug|Any CPU.Build.0 = Debug|Any CPU
		{E341E9CE-7A8B-4E38-AB0E-0FBFB61FD1FC}.Release|Any CPU.ActiveCfg = Release|Any CPU
		{E341E9CE-7A8B-4E38-AB0E-0FBFB61FD1FC}.Release|Any CPU.Build.0 = Release|Any CPU
	EndGlobalSection
	GlobalSection(SolutionProperties) = preSolution
		HideSolutionNode = FALSE
	EndGlobalSection
	GlobalSection(ExtensibilityGlobals) = postSolution
		SolutionGuid = {1AF1686D-923D-4C39-A957-5F391330361E}
	EndGlobalSection
EndGlobal
